# This file is automatically @generated by pesde.
# It is not intended for manual editing.
format = 1
name = "kimpure/utf16"
version = "0.1.3"
target = "luau"

[graph."0x5eal/unzip@0.1.3 luau"]
resolved_ty = "standard"

[graph."0x5eal/unzip@0.1.3 luau".pkg_ref]
ref_ty = "pesde"
index_url = "https://github.com/pesde-pkg/index"

[graph."0x5eal/unzip@0.1.3 luau".pkg_ref.dependencies]
asciitable = [{ name = "kimpure/asciitable", version = "^0.2.1", index = "https://github.com/pesde-pkg/index" }, "dev"]
frktest = [{ name = "itsfrank/frktest", version = "^0.0.2", index = "https://github.com/pesde-pkg/index", target = "lune" }, "dev"]
luau-lsp = [{ name = "pesde/luau_lsp", version = "=1.39.2", index = "https://github.com/pesde-pkg/index", target = "lune" }, "dev"]
stylua = [{ name = "pesde/stylua", version = "=2.0.2", index = "https://github.com/pesde-pkg/index", target = "lune" }, "dev"]

[graph."caveful_games/argparse@0.1.2 lune"]
resolved_ty = "standard"

[graph."caveful_games/argparse@0.1.2 lune".pkg_ref]
ref_ty = "pesde"
index_url = "https://github.com/pesde-pkg/index"

[graph."caveful_games/argparse@0.1.2 lune".pkg_ref.dependencies]
luau_check = [{ name = "jiwonz/luau_check", version = "^0.2.0", index = "https://github.com/pesde-pkg/index" }, "dev"]
luau_lsp = [{ name = "pesde/luau_lsp", version = "^1.38.0", index = "https://github.com/pesde-pkg/index" }, "dev"]
selene = [{ name = "pesde/selene", version = "^0.27.1", index = "https://github.com/pesde-pkg/index" }, "dev"]
stylua = [{ name = "pesde/stylua", version = "^2.0.2", index = "https://github.com/pesde-pkg/index" }, "dev"]

[graph."caveful_games/table_helper@0.2.0-rc.1 luau"]
resolved_ty = "standard"

[graph."caveful_games/table_helper@0.2.0-rc.1 luau".pkg_ref]
ref_ty = "pesde"
index_url = "https://github.com/pesde-pkg/index"

[graph."corecii/greentea@0.4.11 lune"]
resolved_ty = "standard"

[graph."corecii/greentea@0.4.11 lune".pkg_ref]
ref_ty = "pesde"
index_url = "https://github.com/pesde-pkg/index"

[graph."jiwonz/darklua_lune@0.1.4 lune"]
resolved_ty = "standard"

[graph."jiwonz/darklua_lune@0.1.4 lune".dependencies]
"corecii/greentea@0.4.11 lune" = "greentea"
"jiwonz/dirs@0.4.0 lune" = "dirs"
"jiwonz/pesde_exec@0.4.2 lune" = "pesde_exec"
"pesde/darklua@0.16.0 lune" = "darklua"

[graph."jiwonz/darklua_lune@0.1.4 lune".pkg_ref]
ref_ty = "pesde"
index_url = "https://github.com/pesde-pkg/index"

[graph."jiwonz/darklua_lune@0.1.4 lune".pkg_ref.dependencies]
darklua = [{ name = "pesde/darklua", version = "^0.16.0", index = "https://github.com/pesde-pkg/index" }, "peer"]
dirs = [{ name = "jiwonz/dirs", version = "^0.4.0", index = "https://github.com/pesde-pkg/index" }, "standard"]
greentea = [{ name = "corecii/greentea", version = "^0.4.11", index = "https://github.com/pesde-pkg/index" }, "standard"]
luau_check = [{ name = "jiwonz/luau_check", version = "^0.3.8", index = "https://github.com/pesde-pkg/index" }, "dev"]
pesde_exec = [{ name = "jiwonz/pesde_exec", version = "^0.4.2", index = "https://github.com/pesde-pkg/index" }, "standard"]

[graph."jiwonz/dirs@0.3.0 lune"]
resolved_ty = "standard"

[graph."jiwonz/dirs@0.3.0 lune".dependencies]
"corecii/greentea@0.4.11 lune" = "greentea"
"jiwonz/pathfs@0.3.2 lune" = "pathfs"

[graph."jiwonz/dirs@0.3.0 lune".pkg_ref]
ref_ty = "pesde"
index_url = "https://github.com/pesde-pkg/index"

[graph."jiwonz/dirs@0.3.0 lune".pkg_ref.dependencies]
greentea = [{ name = "corecii/greentea", version = "^0.4.10", index = "https://github.com/daimond113/pesde-index" }, "standard"]
luau_lsp = [{ name = "pesde/luau_lsp", version = "^1.38.1", index = "https://github.com/daimond113/pesde-index" }, "dev"]
pathfs = [{ name = "jiwonz/pathfs", version = "^0.3.0", index = "https://github.com/daimond113/pesde-index" }, "standard"]
selene = [{ name = "pesde/selene", version = "^0.28.0", index = "https://github.com/daimond113/pesde-index" }, "dev"]
stylua = [{ name = "pesde/stylua", version = "^2.0.2", index = "https://github.com/daimond113/pesde-index" }, "dev"]

[graph."jiwonz/dirs@0.4.0 lune"]
resolved_ty = "standard"

[graph."jiwonz/dirs@0.4.0 lune".dependencies]
"corecii/greentea@0.4.11 lune" = "greentea"
"jiwonz/pathfs@0.6.0-rc.4 lune" = "pathfs"

[graph."jiwonz/dirs@0.4.0 lune".pkg_ref]
ref_ty = "pesde"
index_url = "https://github.com/pesde-pkg/index"

[graph."jiwonz/dirs@0.4.0 lune".pkg_ref.dependencies]
greentea = [{ name = "corecii/greentea", version = "^0.4.10", index = "https://github.com/daimond113/pesde-index" }, "standard"]
luau_check = [{ name = "jiwonz/luau_check", version = "^0.3.8", index = "https://github.com/daimond113/pesde-index" }, "dev"]
pathfs = [{ name = "jiwonz/pathfs", version = "^0.6.0-rc.1", index = "https://github.com/daimond113/pesde-index" }, "standard"]

[graph."jiwonz/glob@0.1.1 lune"]
resolved_ty = "standard"

[graph."jiwonz/glob@0.1.1 lune".dependencies]
"jiwonz/pathfs@0.6.0-rc.4 lune" = "pathfs"
"kimpure/globrex_lune@0.2.4 lune" = "globrex_lune"

[graph."jiwonz/glob@0.1.1 lune".pkg_ref]
ref_ty = "pesde"
index_url = "https://github.com/pesde-pkg/index"

[graph."jiwonz/glob@0.1.1 lune".pkg_ref.dependencies]
globrex_lune = [{ name = "kimpure/globrex_lune", version = "^0.2.4", index = "https://github.com/pesde-pkg/index" }, "standard"]
luau_check = [{ name = "jiwonz/luau_check", version = "^0.3.13", index = "https://github.com/pesde-pkg/index" }, "dev"]
luau_lsp = [{ name = "pesde/luau_lsp", version = "^1.37.0", index = "https://github.com/pesde-pkg/index" }, "dev"]
pathfs = [{ name = "jiwonz/pathfs", version = "^0.6.0-rc.3", index = "https://github.com/pesde-pkg/index" }, "standard"]
selene = [{ name = "pesde/selene", version = "^0.28.0", index = "https://github.com/pesde-pkg/index" }, "dev"]
stylua = [{ name = "pesde/stylua", version = "^2.0.2", index = "https://github.com/pesde-pkg/index" }, "dev"]

[graph."jiwonz/luau_disk@0.1.4 luau"]
resolved_ty = "standard"

[graph."jiwonz/luau_disk@0.1.4 luau".pkg_ref]
ref_ty = "pesde"
index_url = "https://github.com/pesde-pkg/index"

[graph."jiwonz/luau_path@0.1.3 luau"]
resolved_ty = "standard"

[graph."jiwonz/luau_path@0.1.3 luau".dependencies]
"jiwonz/luau_disk@0.1.4 luau" = "luau_disk"

[graph."jiwonz/luau_path@0.1.3 luau".pkg_ref]
ref_ty = "pesde"
index_url = "https://github.com/daimond113/pesde-index"

[graph."jiwonz/luau_path@0.1.3 luau".pkg_ref.dependencies]
luau_disk = [{ name = "jiwonz/luau_disk", version = "^0.1.4", index = "https://github.com/pesde-pkg/index" }, "standard"]

[graph."jiwonz/luau_regexp@0.1.3 luau"]
resolved_ty = "standard"

[graph."jiwonz/luau_regexp@0.1.3 luau".pkg_ref]
ref_ty = "pesde"
index_url = "https://github.com/pesde-pkg/index"

[graph."jiwonz/multitarget@0.4.0-rc.29 lune"]
direct = ["multitarget", { name = "jiwonz/multitarget", version = "^0.4.0-rc.29", index = "default", target = "lune" }, "dev"]
resolved_ty = "dev"

[graph."jiwonz/multitarget@0.4.0-rc.29 lune".dependencies]
"caveful_games/argparse@0.1.2 lune" = "argparse"
"caveful_games/table_helper@0.2.0-rc.1 luau" = "table_helper"
"corecii/greentea@0.4.11 lune" = "greentea"
"jiwonz/darklua_lune@0.1.4 lune" = "darklua_lune"
"jiwonz/glob@0.1.1 lune" = "glob"
"jiwonz/pathfs@0.6.0-rc.4 lune" = "pathfs"
"kimpure/chalk_luau@0.1.7 luau" = "chalk_luau"
"lukadev_0/result@1.2.0 lune" = "result"
"pesde/darklua@0.16.0 lune" = "darklua"

[graph."jiwonz/multitarget@0.4.0-rc.29 lune".pkg_ref]
ref_ty = "pesde"
index_url = "https://github.com/pesde-pkg/index"

[graph."jiwonz/multitarget@0.4.0-rc.29 lune".pkg_ref.dependencies]
argparse = [{ name = "caveful_games/argparse", version = "^0.1.2", index = "https://github.com/pesde-pkg/index" }, "standard"]
chalk_luau = [{ name = "kimpure/chalk_luau", version = "^0.1.7", index = "https://github.com/pesde-pkg/index", target = "luau" }, "standard"]
darklua = [{ name = "pesde/darklua", version = "^0.16.0", index = "https://github.com/pesde-pkg/index" }, "peer"]
darklua_lune = [{ name = "jiwonz/darklua_lune", version = "^0.1.4", index = "https://github.com/pesde-pkg/index" }, "standard"]
glob = [{ name = "jiwonz/glob", version = "^0.1.0", index = "https://github.com/pesde-pkg/index" }, "standard"]
greentea = [{ name = "corecii/greentea", version = "^0.4.11", index = "https://github.com/pesde-pkg/index" }, "standard"]
luau_check = [{ name = "jiwonz/luau_check", version = "^0.3.13", index = "https://github.com/pesde-pkg/index" }, "dev"]
luau_lsp = [{ name = "pesde/luau_lsp", version = "^1.42.1", index = "https://github.com/pesde-pkg/index" }, "dev"]
pathfs = [{ name = "jiwonz/pathfs", version = "^0.6.0-rc.3", index = "https://github.com/pesde-pkg/index" }, "standard"]
result = [{ name = "lukadev_0/result", version = "^1.2.0", index = "https://github.com/pesde-pkg/index" }, "standard"]
selene = [{ name = "pesde/selene", version = "^0.28.0", index = "https://github.com/pesde-pkg/index" }, "dev"]
stylua = [{ name = "pesde/stylua", version = "^2.0.2", index = "https://github.com/pesde-pkg/index" }, "dev"]
table_helper = [{ name = "caveful_games/table_helper", version = "^0.2.0-rc.1", index = "https://github.com/pesde-pkg/index", target = "luau" }, "standard"]

[graph."jiwonz/pathfs@0.3.2 lune"]
resolved_ty = "standard"

[graph."jiwonz/pathfs@0.3.2 lune".dependencies]
"corecii/greentea@0.4.11 lune" = "greentea"
"jiwonz/luau_path@0.1.3 luau" = "luau_path"

[graph."jiwonz/pathfs@0.3.2 lune".pkg_ref]
ref_ty = "pesde"
index_url = "https://github.com/pesde-pkg/index"

[graph."jiwonz/pathfs@0.3.2 lune".pkg_ref.dependencies]
frktest = [{ name = "itsfrank/frktest", version = "^0.0.2", index = "https://github.com/daimond113/pesde-index" }, "dev"]
greentea = [{ name = "corecii/greentea", version = "^0.4.11", index = "https://github.com/daimond113/pesde-index" }, "standard"]
luau_check = [{ name = "jiwonz/luau_check", version = "^0.3.8", index = "https://github.com/daimond113/pesde-index" }, "dev"]
luau_path = [{ name = "jiwonz/luau_path", version = "^0.1.1", index = "https://github.com/daimond113/pesde-index", target = "luau" }, "standard"]

[graph."jiwonz/pathfs@0.5.2 lune"]
resolved_ty = "standard"

[graph."jiwonz/pathfs@0.5.2 lune".dependencies]
"corecii/greentea@0.4.11 lune" = "greentea"
"jiwonz/luau_path@0.1.3 luau" = "luau_path"

[graph."jiwonz/pathfs@0.5.2 lune".pkg_ref]
ref_ty = "pesde"
index_url = "https://github.com/pesde-pkg/index"

[graph."jiwonz/pathfs@0.5.2 lune".pkg_ref.dependencies]
frktest = [{ name = "itsfrank/frktest", version = "^0.0.2", index = "https://github.com/daimond113/pesde-index" }, "dev"]
greentea = [{ name = "corecii/greentea", version = "^0.4.11", index = "https://github.com/daimond113/pesde-index" }, "standard"]
luau_lsp = [{ name = "pesde/luau_lsp", version = "^1.38.1", index = "https://github.com/daimond113/pesde-index" }, "dev"]
luau_path = [{ name = "jiwonz/luau_path", version = "^0.1.1", index = "https://github.com/daimond113/pesde-index", target = "luau" }, "standard"]
selene = [{ name = "pesde/selene", version = "^0.28.0", index = "https://github.com/daimond113/pesde-index" }, "dev"]
stylua = [{ name = "pesde/stylua", version = "^2.0.2", index = "https://github.com/daimond113/pesde-index" }, "dev"]

[graph."jiwonz/pathfs@0.6.0-rc.4 lune"]
resolved_ty = "standard"

[graph."jiwonz/pathfs@0.6.0-rc.4 lune".dependencies]
"corecii/greentea@0.4.11 lune" = "greentea"
"jiwonz/luau_path@0.1.3 luau" = "luau_path"

[graph."jiwonz/pathfs@0.6.0-rc.4 lune".pkg_ref]
ref_ty = "pesde"
index_url = "https://github.com/pesde-pkg/index"

[graph."jiwonz/pathfs@0.6.0-rc.4 lune".pkg_ref.dependencies]
frktest = [{ name = "itsfrank/frktest", version = "^0.0.2", index = "https://github.com/daimond113/pesde-index" }, "dev"]
greentea = [{ name = "corecii/greentea", version = "^0.4.11", index = "https://github.com/daimond113/pesde-index" }, "standard"]
luau_check = [{ name = "jiwonz/luau_check", version = "^0.3.13", index = "https://github.com/daimond113/pesde-index" }, "dev"]
luau_lsp = [{ name = "pesde/luau_lsp", version = "^1.42.1", index = "https://github.com/daimond113/pesde-index" }, "dev"]
luau_path = [{ name = "jiwonz/luau_path", version = "^0.1.3", index = "https://github.com/daimond113/pesde-index", target = "luau" }, "standard"]
selene = [{ name = "pesde/selene", version = "^0.28.0", index = "https://github.com/daimond113/pesde-index" }, "dev"]
stylua = [{ name = "pesde/stylua", version = "^2.0.2", index = "https://github.com/daimond113/pesde-index" }, "dev"]

[graph."jiwonz/pesde_exec@0.4.2 lune"]
resolved_ty = "standard"

[graph."jiwonz/pesde_exec@0.4.2 lune".dependencies]
"corecii/greentea@0.4.11 lune" = "greentea"
"jiwonz/pathfs@0.5.2 lune" = "pathfs"

[graph."jiwonz/pesde_exec@0.4.2 lune".pkg_ref]
ref_ty = "pesde"
index_url = "https://github.com/pesde-pkg/index"

[graph."jiwonz/pesde_exec@0.4.2 lune".pkg_ref.dependencies]
greentea = [{ name = "corecii/greentea", version = "^0.4.11", index = "https://github.com/pesde-pkg/index" }, "standard"]
luau_lsp = [{ name = "pesde/luau_lsp", version = "^1.38.1", index = "https://github.com/pesde-pkg/index" }, "dev"]
pathfs = [{ name = "jiwonz/pathfs", version = "^0.5.2", index = "https://github.com/pesde-pkg/index" }, "standard"]
selene = [{ name = "pesde/selene", version = "^0.28.0", index = "https://github.com/pesde-pkg/index" }, "dev"]
stylua = [{ name = "pesde/stylua", version = "^2.0.2", index = "https://github.com/pesde-pkg/index" }, "dev"]

[graph."kimpure/chalk_luau@0.1.7 luau"]
resolved_ty = "standard"

[graph."kimpure/chalk_luau@0.1.7 luau".pkg_ref]
ref_ty = "pesde"
index_url = "https://github.com/pesde-pkg/index"

[graph."kimpure/globrex_lune@0.2.4 lune"]
resolved_ty = "standard"

[graph."kimpure/globrex_lune@0.2.4 lune".dependencies]
"jiwonz/luau_regexp@0.1.3 luau" = "luau_regexp"

[graph."kimpure/globrex_lune@0.2.4 lune".pkg_ref]
ref_ty = "pesde"
index_url = "https://github.com/pesde-pkg/index"

[graph."kimpure/globrex_lune@0.2.4 lune".pkg_ref.dependencies]
luau_check = [{ name = "jiwonz/luau_check", version = "^0.2.2", index = "https://github.com/pesde-pkg/index" }, "dev"]
luau_lsp = [{ name = "pesde/luau_lsp", version = "^1.38.1", index = "https://github.com/pesde-pkg/index" }, "dev"]
luau_regexp = [{ name = "jiwonz/luau_regexp", version = "^0.1.0", index = "https://github.com/pesde-pkg/index", target = "luau" }, "standard"]
selene = [{ name = "pesde/selene", version = "^0.27.1", index = "https://github.com/pesde-pkg/index" }, "dev"]
stylua = [{ name = "pesde/stylua", version = "^2.0.2", index = "https://github.com/pesde-pkg/index" }, "dev"]

[graph."lukadev_0/option@1.2.0 lune"]
resolved_ty = "standard"

[graph."lukadev_0/option@1.2.0 lune".pkg_ref]
ref_ty = "pesde"
index_url = "https://github.com/pesde-pkg/index"

[graph."lukadev_0/result@1.2.0 lune"]
resolved_ty = "standard"

[graph."lukadev_0/result@1.2.0 lune".pkg_ref]
ref_ty = "pesde"
index_url = "https://github.com/pesde-pkg/index"

[graph."pesde/darklua@0.16.0 lune"]
direct = ["darklua", { name = "pesde/darklua", version = "^0.16.0", index = "default", target = "lune" }, "dev"]
resolved_ty = "dev"

[graph."pesde/darklua@0.16.0 lune".dependencies]
"lukadev_0/option@1.2.0 lune" = "option"
"lukadev_0/result@1.2.0 lune" = "result"
"pesde/toolchainlib@0.1.13 lune" = "core"

[graph."pesde/darklua@0.16.0 lune".pkg_ref]
ref_ty = "pesde"
index_url = "https://github.com/pesde-pkg/index"

[graph."pesde/darklua@0.16.0 lune".pkg_ref.dependencies]
core = [{ name = "pesde/toolchainlib", version = "^0.1.11", index = "https://github.com/pesde-pkg/index", target = "lune" }, "standard"]
option = [{ name = "lukadev_0/option", version = "^1.2.0", index = "https://github.com/pesde-pkg/index" }, "standard"]
result = [{ name = "lukadev_0/result", version = "^1.2.0", index = "https://github.com/pesde-pkg/index" }, "standard"]

[graph."pesde/toolchainlib@0.1.13 lune"]
resolved_ty = "standard"

[graph."pesde/toolchainlib@0.1.13 lune".dependencies]
"0x5eal/unzip@0.1.3 luau" = "unzip"
"jiwonz/dirs@0.3.0 lune" = "dirs"
"jiwonz/pathfs@0.3.2 lune" = "pathfs"
"lukadev_0/option@1.2.0 lune" = "option"
"lukadev_0/result@1.2.0 lune" = "result"

[graph."pesde/toolchainlib@0.1.13 lune".pkg_ref]
ref_ty = "pesde"
index_url = "https://github.com/pesde-pkg/index"

[graph."pesde/toolchainlib@0.1.13 lune".pkg_ref.dependencies]
dirs = [{ name = "jiwonz/dirs", version = "^0.3.0", index = "https://github.com/pesde-pkg/index" }, "standard"]
option = [{ name = "lukadev_0/option", version = "^1.2.0", index = "https://github.com/pesde-pkg/index" }, "peer"]
pathfs = [{ name = "jiwonz/pathfs", version = "^0.3.0", index = "https://github.com/pesde-pkg/index" }, "standard"]
result = [{ name = "lukadev_0/result", version = "^1.2.0", index = "https://github.com/pesde-pkg/index" }, "peer"]
unzip = [{ name = "0x5eal/unzip", version = "^0.1.0", index = "https://github.com/pesde-pkg/index", target = "luau" }, "standard"]
